
Microsoft Visual Studio Solution File, Format Version 12.00
# Visual Studio Version 17
VisualStudioVersion = 17.12.35527.113 d17.12
MinimumVisualStudioVersion = 10.0.40219.1
Project("{FAE04EC0-301F-11D3-BF4B-00C04F79EFBC}") = "Money", "Money.csproj", "{3E523BAC-190B-438C-BDC6-311AF1D27EAC}"
EndProject
Project("{2150E333-8FDC-42A3-9474-1A3956D46DE8}") = "Itens de Solução", "Itens de Solução", "{86AA9E94-760C-4C55-B3E3-AE1D412AB9B3}"
EndProject
Global
	GlobalSection(SolutionConfigurationPlatforms) = preSolution
		Debug|x86 = Debug|x86
		Release|x86 = Release|x86
	EndGlobalSection
	GlobalSection(ProjectConfigurationPlatforms) = postSolution
		{3E523BAC-190B-438C-BDC6-311AF1D27EAC}.Debug|x86.ActiveCfg = Debug|x86
		{3E523BAC-190B-438C-BDC6-311AF1D27EAC}.Debug|x86.Build.0 = Debug|x86
		{3E523BAC-190B-438C-BDC6-311AF1D27EAC}.Release|x86.ActiveCfg = Release|x86
		{3E523BAC-190B-438C-BDC6-311AF1D27EAC}.Release|x86.Build.0 = Release|x86
	EndGlobalSection
	GlobalSection(SolutionProperties) = preSolution
		HideSolutionNode = FALSE
	EndGlobalSection
EndGlobal
